
Microsoft Visual Studio Solution File, Format Version 12.00
# Visual Studio 14
VisualStudioVersion = 14.0.24720.0
MinimumVisualStudioVersion = 10.0.40219.1
Project("{FAE04EC0-301F-11D3-BF4B-00C04F79EFBC}") = "ConectCon.Droid", "ConectCon\ConectCon.Droid\ConectCon.Droid.csproj", "{0F7E7C02-112F-4A84-9856-18042393CC2E}"
EndProject
Project("{FAE04EC0-301F-11D3-BF4B-00C04F79EFBC}") = "ConectCon.iOS", "ConectCon\ConectCon.iOS\ConectCon.iOS.csproj", "{A0C933E3-BDBF-4DA4-B42A-B2C92B842DDA}"
EndProject
Project("{FAE04EC0-301F-11D3-BF4B-00C04F79EFBC}") = "ConectCon.WinPhone", "ConectCon\ConectCon.WinPhone\ConectCon.WinPhone.csproj", "{DEAA03BF-D0C7-46E6-9042-E7B8FD866B28}"
EndProject
Project("{FAE04EC0-301F-11D3-BF4B-00C04F79EFBC}") = "ConectCon.UWP", "ConectCon\ConectCon.UWP\ConectCon.UWP.csproj", "{7163DB63-BD73-480C-BC67-1F9021322C5C}"
EndProject
Project("{FAE04EC0-301F-11D3-BF4B-00C04F79EFBC}") = "ConectCon.Windows", "ConectCon\ConectCon.Windows\ConectCon.Windows.csproj", "{2DAABDE1-9D66-4C12-B168-A578E292F3E5}"
EndProject
Project("{D954291E-2A0B-460D-934E-DC6B0785DB48}") = "ConectCon", "ConectCon\ConectCon\ConectCon.shproj", "{5088E586-565C-4FE7-B8D3-CD898AE52E52}"
EndProject
Global
	GlobalSection(SharedMSBuildProjectFiles) = preSolution
		ConectCon\ConectCon\ConectCon.projitems*{a0c933e3-bdbf-4da4-b42a-b2c92b842dda}*SharedItemsImports = 4
		ConectCon\ConectCon\ConectCon.projitems*{5088e586-565c-4fe7-b8d3-cd898ae52e52}*SharedItemsImports = 13
		ConectCon\ConectCon\ConectCon.projitems*{7163db63-bd73-480c-bc67-1f9021322c5c}*SharedItemsImports = 4
		ConectCon\ConectCon\ConectCon.projitems*{deaa03bf-d0c7-46e6-9042-e7b8fd866b28}*SharedItemsImports = 4
		ConectCon\ConectCon\ConectCon.projitems*{0f7e7c02-112f-4a84-9856-18042393cc2e}*SharedItemsImports = 4
		ConectCon\ConectCon\ConectCon.projitems*{2daabde1-9d66-4c12-b168-a578e292f3e5}*SharedItemsImports = 4
	EndGlobalSection
	GlobalSection(SolutionConfigurationPlatforms) = preSolution
		Ad-Hoc|Any CPU = Ad-Hoc|Any CPU
		Ad-Hoc|ARM = Ad-Hoc|ARM
		Ad-Hoc|iPhone = Ad-Hoc|iPhone
		Ad-Hoc|iPhoneSimulator = Ad-Hoc|iPhoneSimulator
		Ad-Hoc|x64 = Ad-Hoc|x64
		Ad-Hoc|x86 = Ad-Hoc|x86
		AppStore|Any CPU = AppStore|Any CPU
		AppStore|ARM = AppStore|ARM
		AppStore|iPhone = AppStore|iPhone
		AppStore|iPhoneSimulator = AppStore|iPhoneSimulator
		AppStore|x64 = AppStore|x64
		AppStore|x86 = AppStore|x86
		Debug|Any CPU = Debug|Any CPU
		Debug|ARM = Debug|ARM
		Debug|iPhone = Debug|iPhone
		Debug|iPhoneSimulator = Debug|iPhoneSimulator
		Debug|x64 = Debug|x64
		Debug|x86 = Debug|x86
		Release|Any CPU = Release|Any CPU
		Release|ARM = Release|ARM
		Release|iPhone = Release|iPhone
		Release|iPhoneSimulator = Release|iPhoneSimulator
		Release|x64 = Release|x64
		Release|x86 = Release|x86
	EndGlobalSection
	GlobalSection(ProjectConfigurationPlatforms) = postSolution
		{0F7E7C02-112F-4A84-9856-18042393CC2E}.Ad-Hoc|Any CPU.ActiveCfg = Release|Any CPU
		{0F7E7C02-112F-4A84-9856-18042393CC2E}.Ad-Hoc|Any CPU.Build.0 = Release|Any CPU
		{0F7E7C02-112F-4A84-9856-18042393CC2E}.Ad-Hoc|Any CPU.Deploy.0 = Release|Any CPU
		{0F7E7C02-112F-4A84-9856-18042393CC2E}.Ad-Hoc|ARM.ActiveCfg = Release|Any CPU
		{0F7E7C02-112F-4A84-9856-18042393CC2E}.Ad-Hoc|ARM.Build.0 = Release|Any CPU
		{0F7E7C02-112F-4A84-9856-18042393CC2E}.Ad-Hoc|ARM.Deploy.0 = Release|Any CPU
		{0F7E7C02-112F-4A84-9856-18042393CC2E}.Ad-Hoc|iPhone.ActiveCfg = Release|Any CPU
		{0F7E7C02-112F-4A84-9856-18042393CC2E}.Ad-Hoc|iPhone.Build.0 = Release|Any CPU
		{0F7E7C02-112F-4A84-9856-18042393CC2E}.Ad-Hoc|iPhone.Deploy.0 = Release|Any CPU
		{0F7E7C02-112F-4A84-9856-18042393CC2E}.Ad-Hoc|iPhoneSimulator.ActiveCfg = Release|Any CPU
		{0F7E7C02-112F-4A84-9856-18042393CC2E}.Ad-Hoc|iPhoneSimulator.Build.0 = Release|Any CPU
		{0F7E7C02-112F-4A84-9856-18042393CC2E}.Ad-Hoc|iPhoneSimulator.Deploy.0 = Release|Any CPU
		{0F7E7C02-112F-4A84-9856-18042393CC2E}.Ad-Hoc|x64.ActiveCfg = Release|Any CPU
		{0F7E7C02-112F-4A84-9856-18042393CC2E}.Ad-Hoc|x64.Build.0 = Release|Any CPU
		{0F7E7C02-112F-4A84-9856-18042393CC2E}.Ad-Hoc|x64.Deploy.0 = Release|Any CPU
		{0F7E7C02-112F-4A84-9856-18042393CC2E}.Ad-Hoc|x86.ActiveCfg = Release|Any CPU
		{0F7E7C02-112F-4A84-9856-18042393CC2E}.Ad-Hoc|x86.Build.0 = Release|Any CPU
		{0F7E7C02-112F-4A84-9856-18042393CC2E}.Ad-Hoc|x86.Deploy.0 = Release|Any CPU
		{0F7E7C02-112F-4A84-9856-18042393CC2E}.AppStore|Any CPU.ActiveCfg = Release|Any CPU
		{0F7E7C02-112F-4A84-9856-18042393CC2E}.AppStore|Any CPU.Build.0 = Release|Any CPU
		{0F7E7C02-112F-4A84-9856-18042393CC2E}.AppStore|Any CPU.Deploy.0 = Release|Any CPU
		{0F7E7C02-112F-4A84-9856-18042393CC2E}.AppStore|ARM.ActiveCfg = Release|Any CPU
		{0F7E7C02-112F-4A84-9856-18042393CC2E}.AppStore|ARM.Build.0 = Release|Any CPU
		{0F7E7C02-112F-4A84-9856-18042393CC2E}.AppStore|ARM.Deploy.0 = Release|Any CPU
		{0F7E7C02-112F-4A84-9856-18042393CC2E}.AppStore|iPhone.ActiveCfg = Release|Any CPU
		{0F7E7C02-112F-4A84-9856-18042393CC2E}.AppStore|iPhone.Build.0 = Release|Any CPU
		{0F7E7C02-112F-4A84-9856-18042393CC2E}.AppStore|iPhone.Deploy.0 = Release|Any CPU
		{0F7E7C02-112F-4A84-9856-18042393CC2E}.AppStore|iPhoneSimulator.ActiveCfg = Release|Any CPU
		{0F7E7C02-112F-4A84-9856-18042393CC2E}.AppStore|iPhoneSimulator.Build.0 = Release|Any CPU
		{0F7E7C02-112F-4A84-9856-18042393CC2E}.AppStore|iPhoneSimulator.Deploy.0 = Release|Any CPU
		{0F7E7C02-112F-4A84-9856-18042393CC2E}.AppStore|x64.ActiveCfg = Release|Any CPU
		{0F7E7C02-112F-4A84-9856-18042393CC2E}.AppStore|x64.Build.0 = Release|Any CPU
		{0F7E7C02-112F-4A84-9856-18042393CC2E}.AppStore|x64.Deploy.0 = Release|Any CPU
		{0F7E7C02-112F-4A84-9856-18042393CC2E}.AppStore|x86.ActiveCfg = Release|Any CPU
		{0F7E7C02-112F-4A84-9856-18042393CC2E}.AppStore|x86.Build.0 = Release|Any CPU
		{0F7E7C02-112F-4A84-9856-18042393CC2E}.AppStore|x86.Deploy.0 = Release|Any CPU
		{0F7E7C02-112F-4A84-9856-18042393CC2E}.Debug|Any CPU.ActiveCfg = Debug|Any CPU
		{0F7E7C02-112F-4A84-9856-18042393CC2E}.Debug|Any CPU.Build.0 = Debug|Any CPU
		{0F7E7C02-112F-4A84-9856-18042393CC2E}.Debug|Any CPU.Deploy.0 = Debug|Any CPU
		{0F7E7C02-112F-4A84-9856-18042393CC2E}.Debug|ARM.ActiveCfg = Debug|Any CPU
		{0F7E7C02-112F-4A84-9856-18042393CC2E}.Debug|ARM.Build.0 = Debug|Any CPU
		{0F7E7C02-112F-4A84-9856-18042393CC2E}.Debug|ARM.Deploy.0 = Debug|Any CPU
		{0F7E7C02-112F-4A84-9856-18042393CC2E}.Debug|iPhone.ActiveCfg = Debug|Any CPU
		{0F7E7C02-112F-4A84-9856-18042393CC2E}.Debug|iPhone.Build.0 = Debug|Any CPU
		{0F7E7C02-112F-4A84-9856-18042393CC2E}.Debug|iPhone.Deploy.0 = Debug|Any CPU
		{0F7E7C02-112F-4A84-9856-18042393CC2E}.Debug|iPhoneSimulator.ActiveCfg = Debug|Any CPU
		{0F7E7C02-112F-4A84-9856-18042393CC2E}.Debug|iPhoneSimulator.Build.0 = Debug|Any CPU
		{0F7E7C02-112F-4A84-9856-18042393CC2E}.Debug|iPhoneSimulator.Deploy.0 = Debug|Any CPU
		{0F7E7C02-112F-4A84-9856-18042393CC2E}.Debug|x64.ActiveCfg = Debug|Any CPU
		{0F7E7C02-112F-4A84-9856-18042393CC2E}.Debug|x64.Build.0 = Debug|Any CPU
		{0F7E7C02-112F-4A84-9856-18042393CC2E}.Debug|x64.Deploy.0 = Debug|Any CPU
		{0F7E7C02-112F-4A84-9856-18042393CC2E}.Debug|x86.ActiveCfg = Debug|Any CPU
		{0F7E7C02-112F-4A84-9856-18042393CC2E}.Debug|x86.Build.0 = Debug|Any CPU
		{0F7E7C02-112F-4A84-9856-18042393CC2E}.Debug|x86.Deploy.0 = Debug|Any CPU
		{0F7E7C02-112F-4A84-9856-18042393CC2E}.Release|Any CPU.ActiveCfg = Release|Any CPU
		{0F7E7C02-112F-4A84-9856-18042393CC2E}.Release|Any CPU.Build.0 = Release|Any CPU
		{0F7E7C02-112F-4A84-9856-18042393CC2E}.Release|Any CPU.Deploy.0 = Release|Any CPU
		{0F7E7C02-112F-4A84-9856-18042393CC2E}.Release|ARM.ActiveCfg = Release|Any CPU
		{0F7E7C02-112F-4A84-9856-18042393CC2E}.Release|ARM.Build.0 = Release|Any CPU
		{0F7E7C02-112F-4A84-9856-18042393CC2E}.Release|ARM.Deploy.0 = Release|Any CPU
		{0F7E7C02-112F-4A84-9856-18042393CC2E}.Release|iPhone.ActiveCfg = Release|Any CPU
		{0F7E7C02-112F-4A84-9856-18042393CC2E}.Release|iPhone.Build.0 = Release|Any CPU
		{0F7E7C02-112F-4A84-9856-18042393CC2E}.Release|iPhone.Deploy.0 = Release|Any CPU
		{0F7E7C02-112F-4A84-9856-18042393CC2E}.Release|iPhoneSimulator.ActiveCfg = Release|Any CPU
		{0F7E7C02-112F-4A84-9856-18042393CC2E}.Release|iPhoneSimulator.Build.0 = Release|Any CPU
		{0F7E7C02-112F-4A84-9856-18042393CC2E}.Release|iPhoneSimulator.Deploy.0 = Release|Any CPU
		{0F7E7C02-112F-4A84-9856-18042393CC2E}.Release|x64.ActiveCfg = Release|Any CPU
		{0F7E7C02-112F-4A84-9856-18042393CC2E}.Release|x64.Build.0 = Release|Any CPU
		{0F7E7C02-112F-4A84-9856-18042393CC2E}.Release|x64.Deploy.0 = Release|Any CPU
		{0F7E7C02-112F-4A84-9856-18042393CC2E}.Release|x86.ActiveCfg = Release|Any CPU
		{0F7E7C02-112F-4A84-9856-18042393CC2E}.Release|x86.Build.0 = Release|Any CPU
		{0F7E7C02-112F-4A84-9856-18042393CC2E}.Release|x86.Deploy.0 = Release|Any CPU
		{A0C933E3-BDBF-4DA4-B42A-B2C92B842DDA}.Ad-Hoc|Any CPU.ActiveCfg = Ad-Hoc|iPhone
		{A0C933E3-BDBF-4DA4-B42A-B2C92B842DDA}.Ad-Hoc|ARM.ActiveCfg = Ad-Hoc|iPhone
		{A0C933E3-BDBF-4DA4-B42A-B2C92B842DDA}.Ad-Hoc|iPhone.ActiveCfg = Ad-Hoc|iPhone
		{A0C933E3-BDBF-4DA4-B42A-B2C92B842DDA}.Ad-Hoc|iPhone.Build.0 = Ad-Hoc|iPhone
		{A0C933E3-BDBF-4DA4-B42A-B2C92B842DDA}.Ad-Hoc|iPhoneSimulator.ActiveCfg = Ad-Hoc|iPhoneSimulator
		{A0C933E3-BDBF-4DA4-B42A-B2C92B842DDA}.Ad-Hoc|iPhoneSimulator.Build.0 = Ad-Hoc|iPhoneSimulator
		{A0C933E3-BDBF-4DA4-B42A-B2C92B842DDA}.Ad-Hoc|x64.ActiveCfg = Ad-Hoc|iPhone
		{A0C933E3-BDBF-4DA4-B42A-B2C92B842DDA}.Ad-Hoc|x86.ActiveCfg = Ad-Hoc|iPhone
		{A0C933E3-BDBF-4DA4-B42A-B2C92B842DDA}.AppStore|Any CPU.ActiveCfg = AppStore|iPhone
		{A0C933E3-BDBF-4DA4-B42A-B2C92B842DDA}.AppStore|ARM.ActiveCfg = AppStore|iPhone
		{A0C933E3-BDBF-4DA4-B42A-B2C92B842DDA}.AppStore|iPhone.ActiveCfg = AppStore|iPhone
		{A0C933E3-BDBF-4DA4-B42A-B2C92B842DDA}.AppStore|iPhone.Build.0 = AppStore|iPhone
		{A0C933E3-BDBF-4DA4-B42A-B2C92B842DDA}.AppStore|iPhoneSimulator.ActiveCfg = AppStore|iPhoneSimulator
		{A0C933E3-BDBF-4DA4-B42A-B2C92B842DDA}.AppStore|iPhoneSimulator.Build.0 = AppStore|iPhoneSimulator
		{A0C933E3-BDBF-4DA4-B42A-B2C92B842DDA}.AppStore|x64.ActiveCfg = AppStore|iPhone
		{A0C933E3-BDBF-4DA4-B42A-B2C92B842DDA}.AppStore|x86.ActiveCfg = AppStore|iPhone
		{A0C933E3-BDBF-4DA4-B42A-B2C92B842DDA}.Debug|Any CPU.ActiveCfg = Debug|iPhone
		{A0C933E3-BDBF-4DA4-B42A-B2C92B842DDA}.Debug|ARM.ActiveCfg = Debug|iPhone
		{A0C933E3-BDBF-4DA4-B42A-B2C92B842DDA}.Debug|iPhone.ActiveCfg = Debug|iPhone
		{A0C933E3-BDBF-4DA4-B42A-B2C92B842DDA}.Debug|iPhone.Build.0 = Debug|iPhone
		{A0C933E3-BDBF-4DA4-B42A-B2C92B842DDA}.Debug|iPhoneSimulator.ActiveCfg = Debug|iPhoneSimulator
		{A0C933E3-BDBF-4DA4-B42A-B2C92B842DDA}.Debug|iPhoneSimulator.Build.0 = Debug|iPhoneSimulator
		{A0C933E3-BDBF-4DA4-B42A-B2C92B842DDA}.Debug|x64.ActiveCfg = Debug|iPhone
		{A0C933E3-BDBF-4DA4-B42A-B2C92B842DDA}.Debug|x86.ActiveCfg = Debug|iPhone
		{A0C933E3-BDBF-4DA4-B42A-B2C92B842DDA}.Release|Any CPU.ActiveCfg = Release|iPhone
		{A0C933E3-BDBF-4DA4-B42A-B2C92B842DDA}.Release|ARM.ActiveCfg = Release|iPhone
		{A0C933E3-BDBF-4DA4-B42A-B2C92B842DDA}.Release|iPhone.ActiveCfg = Release|iPhone
		{A0C933E3-BDBF-4DA4-B42A-B2C92B842DDA}.Release|iPhone.Build.0 = Release|iPhone
		{A0C933E3-BDBF-4DA4-B42A-B2C92B842DDA}.Release|iPhoneSimulator.ActiveCfg = Release|iPhoneSimulator
		{A0C933E3-BDBF-4DA4-B42A-B2C92B842DDA}.Release|iPhoneSimulator.Build.0 = Release|iPhoneSimulator
		{A0C933E3-BDBF-4DA4-B42A-B2C92B842DDA}.Release|x64.ActiveCfg = Release|iPhone
		{A0C933E3-BDBF-4DA4-B42A-B2C92B842DDA}.Release|x86.ActiveCfg = Release|iPhone
		{DEAA03BF-D0C7-46E6-9042-E7B8FD866B28}.Ad-Hoc|Any CPU.ActiveCfg = Release|Any CPU
		{DEAA03BF-D0C7-46E6-9042-E7B8FD866B28}.Ad-Hoc|Any CPU.Build.0 = Release|Any CPU
		{DEAA03BF-D0C7-46E6-9042-E7B8FD866B28}.Ad-Hoc|Any CPU.Deploy.0 = Release|Any CPU
		{DEAA03BF-D0C7-46E6-9042-E7B8FD866B28}.Ad-Hoc|ARM.ActiveCfg = Release|ARM
		{DEAA03BF-D0C7-46E6-9042-E7B8FD866B28}.Ad-Hoc|ARM.Build.0 = Release|ARM
		{DEAA03BF-D0C7-46E6-9042-E7B8FD866B28}.Ad-Hoc|ARM.Deploy.0 = Release|ARM
		{DEAA03BF-D0C7-46E6-9042-E7B8FD866B28}.Ad-Hoc|iPhone.ActiveCfg = Release|Any CPU
		{DEAA03BF-D0C7-46E6-9042-E7B8FD866B28}.Ad-Hoc|iPhone.Build.0 = Release|Any CPU
		{DEAA03BF-D0C7-46E6-9042-E7B8FD866B28}.Ad-Hoc|iPhone.Deploy.0 = Release|Any CPU
		{DEAA03BF-D0C7-46E6-9042-E7B8FD866B28}.Ad-Hoc|iPhoneSimulator.ActiveCfg = Release|Any CPU
		{DEAA03BF-D0C7-46E6-9042-E7B8FD866B28}.Ad-Hoc|iPhoneSimulator.Build.0 = Release|Any CPU
		{DEAA03BF-D0C7-46E6-9042-E7B8FD866B28}.Ad-Hoc|iPhoneSimulator.Deploy.0 = Release|Any CPU
		{DEAA03BF-D0C7-46E6-9042-E7B8FD866B28}.Ad-Hoc|x64.ActiveCfg = Release|Any CPU
		{DEAA03BF-D0C7-46E6-9042-E7B8FD866B28}.Ad-Hoc|x64.Build.0 = Release|Any CPU
		{DEAA03BF-D0C7-46E6-9042-E7B8FD866B28}.Ad-Hoc|x64.Deploy.0 = Release|Any CPU
		{DEAA03BF-D0C7-46E6-9042-E7B8FD866B28}.Ad-Hoc|x86.ActiveCfg = Release|x86
		{DEAA03BF-D0C7-46E6-9042-E7B8FD866B28}.Ad-Hoc|x86.Build.0 = Release|x86
		{DEAA03BF-D0C7-46E6-9042-E7B8FD866B28}.Ad-Hoc|x86.Deploy.0 = Release|x86
		{DEAA03BF-D0C7-46E6-9042-E7B8FD866B28}.AppStore|Any CPU.ActiveCfg = Release|Any CPU
		{DEAA03BF-D0C7-46E6-9042-E7B8FD866B28}.AppStore|Any CPU.Build.0 = Release|Any CPU
		{DEAA03BF-D0C7-46E6-9042-E7B8FD866B28}.AppStore|Any CPU.Deploy.0 = Release|Any CPU
		{DEAA03BF-D0C7-46E6-9042-E7B8FD866B28}.AppStore|ARM.ActiveCfg = Release|ARM
		{DEAA03BF-D0C7-46E6-9042-E7B8FD866B28}.AppStore|ARM.Build.0 = Release|ARM
		{DEAA03BF-D0C7-46E6-9042-E7B8FD866B28}.AppStore|ARM.Deploy.0 = Release|ARM
		{DEAA03BF-D0C7-46E6-9042-E7B8FD866B28}.AppStore|iPhone.ActiveCfg = Release|Any CPU
		{DEAA03BF-D0C7-46E6-9042-E7B8FD866B28}.AppStore|iPhone.Build.0 = Release|Any CPU
		{DEAA03BF-D0C7-46E6-9042-E7B8FD866B28}.AppStore|iPhone.Deploy.0 = Release|Any CPU
		{DEAA03BF-D0C7-46E6-9042-E7B8FD866B28}.AppStore|iPhoneSimulator.ActiveCfg = Release|Any CPU
		{DEAA03BF-D0C7-46E6-9042-E7B8FD866B28}.AppStore|iPhoneSimulator.Build.0 = Release|Any CPU
		{DEAA03BF-D0C7-46E6-9042-E7B8FD866B28}.AppStore|iPhoneSimulator.Deploy.0 = Release|Any CPU
		{DEAA03BF-D0C7-46E6-9042-E7B8FD866B28}.AppStore|x64.ActiveCfg = Release|Any CPU
		{DEAA03BF-D0C7-46E6-9042-E7B8FD866B28}.AppStore|x64.Build.0 = Release|Any CPU
		{DEAA03BF-D0C7-46E6-9042-E7B8FD866B28}.AppStore|x64.Deploy.0 = Release|Any CPU
		{DEAA03BF-D0C7-46E6-9042-E7B8FD866B28}.AppStore|x86.ActiveCfg = Release|x86
		{DEAA03BF-D0C7-46E6-9042-E7B8FD866B28}.AppStore|x86.Build.0 = Release|x86
		{DEAA03BF-D0C7-46E6-9042-E7B8FD866B28}.AppStore|x86.Deploy.0 = Release|x86
		{DEAA03BF-D0C7-46E6-9042-E7B8FD866B28}.Debug|Any CPU.ActiveCfg = Debug|Any CPU
		{DEAA03BF-D0C7-46E6-9042-E7B8FD866B28}.Debug|Any CPU.Build.0 = Debug|Any CPU
		{DEAA03BF-D0C7-46E6-9042-E7B8FD866B28}.Debug|Any CPU.Deploy.0 = Debug|Any CPU
		{DEAA03BF-D0C7-46E6-9042-E7B8FD866B28}.Debug|ARM.ActiveCfg = Debug|ARM
		{DEAA03BF-D0C7-46E6-9042-E7B8FD866B28}.Debug|ARM.Build.0 = Debug|ARM
		{DEAA03BF-D0C7-46E6-9042-E7B8FD866B28}.Debug|ARM.Deploy.0 = Debug|ARM
		{DEAA03BF-D0C7-46E6-9042-E7B8FD866B28}.Debug|iPhone.ActiveCfg = Debug|Any CPU
		{DEAA03BF-D0C7-46E6-9042-E7B8FD866B28}.Debug|iPhone.Build.0 = Debug|Any CPU
		{DEAA03BF-D0C7-46E6-9042-E7B8FD866B28}.Debug|iPhone.Deploy.0 = Debug|Any CPU
		{DEAA03BF-D0C7-46E6-9042-E7B8FD866B28}.Debug|iPhoneSimulator.ActiveCfg = Debug|Any CPU
		{DEAA03BF-D0C7-46E6-9042-E7B8FD866B28}.Debug|iPhoneSimulator.Build.0 = Debug|Any CPU
		{DEAA03BF-D0C7-46E6-9042-E7B8FD866B28}.Debug|iPhoneSimulator.Deploy.0 = Debug|Any CPU
		{DEAA03BF-D0C7-46E6-9042-E7B8FD866B28}.Debug|x64.ActiveCfg = Debug|Any CPU
		{DEAA03BF-D0C7-46E6-9042-E7B8FD866B28}.Debug|x64.Build.0 = Debug|Any CPU
		{DEAA03BF-D0C7-46E6-9042-E7B8FD866B28}.Debug|x64.Deploy.0 = Debug|Any CPU
		{DEAA03BF-D0C7-46E6-9042-E7B8FD866B28}.Debug|x86.ActiveCfg = Debug|x86
		{DEAA03BF-D0C7-46E6-9042-E7B8FD866B28}.Debug|x86.Build.0 = Debug|x86
		{DEAA03BF-D0C7-46E6-9042-E7B8FD866B28}.Debug|x86.Deploy.0 = Debug|x86
		{DEAA03BF-D0C7-46E6-9042-E7B8FD866B28}.Release|Any CPU.ActiveCfg = Release|Any CPU
		{DEAA03BF-D0C7-46E6-9042-E7B8FD866B28}.Release|Any CPU.Build.0 = Release|Any CPU
		{DEAA03BF-D0C7-46E6-9042-E7B8FD866B28}.Release|Any CPU.Deploy.0 = Release|Any CPU
		{DEAA03BF-D0C7-46E6-9042-E7B8FD866B28}.Release|ARM.ActiveCfg = Release|ARM
		{DEAA03BF-D0C7-46E6-9042-E7B8FD866B28}.Release|ARM.Build.0 = Release|ARM
		{DEAA03BF-D0C7-46E6-9042-E7B8FD866B28}.Release|ARM.Deploy.0 = Release|ARM
		{DEAA03BF-D0C7-46E6-9042-E7B8FD866B28}.Release|iPhone.ActiveCfg = Release|Any CPU
		{DEAA03BF-D0C7-46E6-9042-E7B8FD866B28}.Release|iPhone.Build.0 = Release|Any CPU
		{DEAA03BF-D0C7-46E6-9042-E7B8FD866B28}.Release|iPhone.Deploy.0 = Release|Any CPU
		{DEAA03BF-D0C7-46E6-9042-E7B8FD866B28}.Release|iPhoneSimulator.ActiveCfg = Release|Any CPU
		{DEAA03BF-D0C7-46E6-9042-E7B8FD866B28}.Release|iPhoneSimulator.Build.0 = Release|Any CPU
		{DEAA03BF-D0C7-46E6-9042-E7B8FD866B28}.Release|iPhoneSimulator.Deploy.0 = Release|Any CPU
		{DEAA03BF-D0C7-46E6-9042-E7B8FD866B28}.Release|x64.ActiveCfg = Release|Any CPU
		{DEAA03BF-D0C7-46E6-9042-E7B8FD866B28}.Release|x64.Build.0 = Release|Any CPU
		{DEAA03BF-D0C7-46E6-9042-E7B8FD866B28}.Release|x64.Deploy.0 = Release|Any CPU
		{DEAA03BF-D0C7-46E6-9042-E7B8FD866B28}.Release|x86.ActiveCfg = Release|x86
		{DEAA03BF-D0C7-46E6-9042-E7B8FD866B28}.Release|x86.Build.0 = Release|x86
		{DEAA03BF-D0C7-46E6-9042-E7B8FD866B28}.Release|x86.Deploy.0 = Release|x86
		{7163DB63-BD73-480C-BC67-1F9021322C5C}.Ad-Hoc|Any CPU.ActiveCfg = Release|x86
		{7163DB63-BD73-480C-BC67-1F9021322C5C}.Ad-Hoc|Any CPU.Build.0 = Release|x86
		{7163DB63-BD73-480C-BC67-1F9021322C5C}.Ad-Hoc|Any CPU.Deploy.0 = Release|x86
		{7163DB63-BD73-480C-BC67-1F9021322C5C}.Ad-Hoc|ARM.ActiveCfg = Release|ARM
		{7163DB63-BD73-480C-BC67-1F9021322C5C}.Ad-Hoc|ARM.Build.0 = Release|ARM
		{7163DB63-BD73-480C-BC67-1F9021322C5C}.Ad-Hoc|ARM.Deploy.0 = Release|ARM
		{7163DB63-BD73-480C-BC67-1F9021322C5C}.Ad-Hoc|iPhone.ActiveCfg = Release|x86
		{7163DB63-BD73-480C-BC67-1F9021322C5C}.Ad-Hoc|iPhone.Build.0 = Release|x86
		{7163DB63-BD73-480C-BC67-1F9021322C5C}.Ad-Hoc|iPhone.Deploy.0 = Release|x86
		{7163DB63-BD73-480C-BC67-1F9021322C5C}.Ad-Hoc|iPhoneSimulator.ActiveCfg = Release|x86
		{7163DB63-BD73-480C-BC67-1F9021322C5C}.Ad-Hoc|iPhoneSimulator.Build.0 = Release|x86
		{7163DB63-BD73-480C-BC67-1F9021322C5C}.Ad-Hoc|iPhoneSimulator.Deploy.0 = Release|x86
		{7163DB63-BD73-480C-BC67-1F9021322C5C}.Ad-Hoc|x64.ActiveCfg = Release|x64
		{7163DB63-BD73-480C-BC67-1F9021322C5C}.Ad-Hoc|x64.Build.0 = Release|x64
		{7163DB63-BD73-480C-BC67-1F9021322C5C}.Ad-Hoc|x64.Deploy.0 = Release|x64
		{7163DB63-BD73-480C-BC67-1F9021322C5C}.Ad-Hoc|x86.ActiveCfg = Release|x86
		{7163DB63-BD73-480C-BC67-1F9021322C5C}.Ad-Hoc|x86.Build.0 = Release|x86
		{7163DB63-BD73-480C-BC67-1F9021322C5C}.Ad-Hoc|x86.Deploy.0 = Release|x86
		{7163DB63-BD73-480C-BC67-1F9021322C5C}.AppStore|Any CPU.ActiveCfg = Release|x86
		{7163DB63-BD73-480C-BC67-1F9021322C5C}.AppStore|Any CPU.Build.0 = Release|x86
		{7163DB63-BD73-480C-BC67-1F9021322C5C}.AppStore|Any CPU.Deploy.0 = Release|x86
		{7163DB63-BD73-480C-BC67-1F9021322C5C}.AppStore|ARM.ActiveCfg = Release|ARM
		{7163DB63-BD73-480C-BC67-1F9021322C5C}.AppStore|ARM.Build.0 = Release|ARM
		{7163DB63-BD73-480C-BC67-1F9021322C5C}.AppStore|ARM.Deploy.0 = Release|ARM
		{7163DB63-BD73-480C-BC67-1F9021322C5C}.AppStore|iPhone.ActiveCfg = Release|x86
		{7163DB63-BD73-480C-BC67-1F9021322C5C}.AppStore|iPhone.Build.0 = Release|x86
		{7163DB63-BD73-480C-BC67-1F9021322C5C}.AppStore|iPhone.Deploy.0 = Release|x86
		{7163DB63-BD73-480C-BC67-1F9021322C5C}.AppStore|iPhoneSimulator.ActiveCfg = Release|x86
		{7163DB63-BD73-480C-BC67-1F9021322C5C}.AppStore|iPhoneSimulator.Build.0 = Release|x86
		{7163DB63-BD73-480C-BC67-1F9021322C5C}.AppStore|iPhoneSimulator.Deploy.0 = Release|x86
		{7163DB63-BD73-480C-BC67-1F9021322C5C}.AppStore|x64.ActiveCfg = Release|x64
		{7163DB63-BD73-480C-BC67-1F9021322C5C}.AppStore|x64.Build.0 = Release|x64
		{7163DB63-BD73-480C-BC67-1F9021322C5C}.AppStore|x64.Deploy.0 = Release|x64
		{7163DB63-BD73-480C-BC67-1F9021322C5C}.AppStore|x86.ActiveCfg = Release|x86
		{7163DB63-BD73-480C-BC67-1F9021322C5C}.AppStore|x86.Build.0 = Release|x86
		{7163DB63-BD73-480C-BC67-1F9021322C5C}.AppStore|x86.Deploy.0 = Release|x86
		{7163DB63-BD73-480C-BC67-1F9021322C5C}.Debug|Any CPU.ActiveCfg = Debug|x86
		{7163DB63-BD73-480C-BC67-1F9021322C5C}.Debug|ARM.ActiveCfg = Debug|ARM
		{7163DB63-BD73-480C-BC67-1F9021322C5C}.Debug|ARM.Build.0 = Debug|ARM
		{7163DB63-BD73-480C-BC67-1F9021322C5C}.Debug|ARM.Deploy.0 = Debug|ARM
		{7163DB63-BD73-480C-BC67-1F9021322C5C}.Debug|iPhone.ActiveCfg = Debug|x86
		{7163DB63-BD73-480C-BC67-1F9021322C5C}.Debug|iPhoneSimulator.ActiveCfg = Debug|x86
		{7163DB63-BD73-480C-BC67-1F9021322C5C}.Debug|x64.ActiveCfg = Debug|x64
		{7163DB63-BD73-480C-BC67-1F9021322C5C}.Debug|x64.Build.0 = Debug|x64
		{7163DB63-BD73-480C-BC67-1F9021322C5C}.Debug|x64.Deploy.0 = Debug|x64
		{7163DB63-BD73-480C-BC67-1F9021322C5C}.Debug|x86.ActiveCfg = Debug|x86
		{7163DB63-BD73-480C-BC67-1F9021322C5C}.Debug|x86.Build.0 = Debug|x86
		{7163DB63-BD73-480C-BC67-1F9021322C5C}.Debug|x86.Deploy.0 = Debug|x86
		{7163DB63-BD73-480C-BC67-1F9021322C5C}.Release|Any CPU.ActiveCfg = Release|x86
		{7163DB63-BD73-480C-BC67-1F9021322C5C}.Release|ARM.ActiveCfg = Release|ARM
		{7163DB63-BD73-480C-BC67-1F9021322C5C}.Release|ARM.Build.0 = Release|ARM
		{7163DB63-BD73-480C-BC67-1F9021322C5C}.Release|ARM.Deploy.0 = Release|ARM
		{7163DB63-BD73-480C-BC67-1F9021322C5C}.Release|iPhone.ActiveCfg = Release|x86
		{7163DB63-BD73-480C-BC67-1F9021322C5C}.Release|iPhoneSimulator.ActiveCfg = Release|x86
		{7163DB63-BD73-480C-BC67-1F9021322C5C}.Release|x64.ActiveCfg = Release|x64
		{7163DB63-BD73-480C-BC67-1F9021322C5C}.Release|x64.Build.0 = Release|x64
		{7163DB63-BD73-480C-BC67-1F9021322C5C}.Release|x64.Deploy.0 = Release|x64
		{7163DB63-BD73-480C-BC67-1F9021322C5C}.Release|x86.ActiveCfg = Release|x86
		{7163DB63-BD73-480C-BC67-1F9021322C5C}.Release|x86.Build.0 = Release|x86
		{7163DB63-BD73-480C-BC67-1F9021322C5C}.Release|x86.Deploy.0 = Release|x86
		{2DAABDE1-9D66-4C12-B168-A578E292F3E5}.Ad-Hoc|Any CPU.ActiveCfg = Release|Any CPU
		{2DAABDE1-9D66-4C12-B168-A578E292F3E5}.Ad-Hoc|Any CPU.Build.0 = Release|Any CPU
		{2DAABDE1-9D66-4C12-B168-A578E292F3E5}.Ad-Hoc|Any CPU.Deploy.0 = Release|Any CPU
		{2DAABDE1-9D66-4C12-B168-A578E292F3E5}.Ad-Hoc|ARM.ActiveCfg = Release|ARM
		{2DAABDE1-9D66-4C12-B168-A578E292F3E5}.Ad-Hoc|ARM.Build.0 = Release|ARM
		{2DAABDE1-9D66-4C12-B168-A578E292F3E5}.Ad-Hoc|ARM.Deploy.0 = Release|ARM
		{2DAABDE1-9D66-4C12-B168-A578E292F3E5}.Ad-Hoc|iPhone.ActiveCfg = Release|Any CPU
		{2DAABDE1-9D66-4C12-B168-A578E292F3E5}.Ad-Hoc|iPhone.Build.0 = Release|Any CPU
		{2DAABDE1-9D66-4C12-B168-A578E292F3E5}.Ad-Hoc|iPhone.Deploy.0 = Release|Any CPU
		{2DAABDE1-9D66-4C12-B168-A578E292F3E5}.Ad-Hoc|iPhoneSimulator.ActiveCfg = Release|Any CPU
		{2DAABDE1-9D66-4C12-B168-A578E292F3E5}.Ad-Hoc|iPhoneSimulator.Build.0 = Release|Any CPU
		{2DAABDE1-9D66-4C12-B168-A578E292F3E5}.Ad-Hoc|iPhoneSimulator.Deploy.0 = Release|Any CPU
		{2DAABDE1-9D66-4C12-B168-A578E292F3E5}.Ad-Hoc|x64.ActiveCfg = Release|x64
		{2DAABDE1-9D66-4C12-B168-A578E292F3E5}.Ad-Hoc|x64.Build.0 = Release|x64
		{2DAABDE1-9D66-4C12-B168-A578E292F3E5}.Ad-Hoc|x64.Deploy.0 = Release|x64
		{2DAABDE1-9D66-4C12-B168-A578E292F3E5}.Ad-Hoc|x86.ActiveCfg = Release|x86
		{2DAABDE1-9D66-4C12-B168-A578E292F3E5}.Ad-Hoc|x86.Build.0 = Release|x86
		{2DAABDE1-9D66-4C12-B168-A578E292F3E5}.Ad-Hoc|x86.Deploy.0 = Release|x86
		{2DAABDE1-9D66-4C12-B168-A578E292F3E5}.AppStore|Any CPU.ActiveCfg = Release|Any CPU
		{2DAABDE1-9D66-4C12-B168-A578E292F3E5}.AppStore|Any CPU.Build.0 = Release|Any CPU
		{2DAABDE1-9D66-4C12-B168-A578E292F3E5}.AppStore|Any CPU.Deploy.0 = Release|Any CPU
		{2DAABDE1-9D66-4C12-B168-A578E292F3E5}.AppStore|ARM.ActiveCfg = Release|ARM
		{2DAABDE1-9D66-4C12-B168-A578E292F3E5}.AppStore|ARM.Build.0 = Release|ARM
		{2DAABDE1-9D66-4C12-B168-A578E292F3E5}.AppStore|ARM.Deploy.0 = Release|ARM
		{2DAABDE1-9D66-4C12-B168-A578E292F3E5}.AppStore|iPhone.ActiveCfg = Release|Any CPU
		{2DAABDE1-9D66-4C12-B168-A578E292F3E5}.AppStore|iPhone.Build.0 = Release|Any CPU
		{2DAABDE1-9D66-4C12-B168-A578E292F3E5}.AppStore|iPhone.Deploy.0 = Release|Any CPU
		{2DAABDE1-9D66-4C12-B168-A578E292F3E5}.AppStore|iPhoneSimulator.ActiveCfg = Release|Any CPU
		{2DAABDE1-9D66-4C12-B168-A578E292F3E5}.AppStore|iPhoneSimulator.Build.0 = Release|Any CPU
		{2DAABDE1-9D66-4C12-B168-A578E292F3E5}.AppStore|iPhoneSimulator.Deploy.0 = Release|Any CPU
		{2DAABDE1-9D66-4C12-B168-A578E292F3E5}.AppStore|x64.ActiveCfg = Release|x64
		{2DAABDE1-9D66-4C12-B168-A578E292F3E5}.AppStore|x64.Build.0 = Release|x64
		{2DAABDE1-9D66-4C12-B168-A578E292F3E5}.AppStore|x64.Deploy.0 = Release|x64
		{2DAABDE1-9D66-4C12-B168-A578E292F3E5}.AppStore|x86.ActiveCfg = Release|x86
		{2DAABDE1-9D66-4C12-B168-A578E292F3E5}.AppStore|x86.Build.0 = Release|x86
		{2DAABDE1-9D66-4C12-B168-A578E292F3E5}.AppStore|x86.Deploy.0 = Release|x86
		{2DAABDE1-9D66-4C12-B168-A578E292F3E5}.Debug|Any CPU.ActiveCfg = Debug|Any CPU
		{2DAABDE1-9D66-4C12-B168-A578E292F3E5}.Debug|Any CPU.Build.0 = Debug|Any CPU
		{2DAABDE1-9D66-4C12-B168-A578E292F3E5}.Debug|Any CPU.Deploy.0 = Debug|Any CPU
		{2DAABDE1-9D66-4C12-B168-A578E292F3E5}.Debug|ARM.ActiveCfg = Debug|ARM
		{2DAABDE1-9D66-4C12-B168-A578E292F3E5}.Debug|ARM.Build.0 = Debug|ARM
		{2DAABDE1-9D66-4C12-B168-A578E292F3E5}.Debug|ARM.Deploy.0 = Debug|ARM
		{2DAABDE1-9D66-4C12-B168-A578E292F3E5}.Debug|iPhone.ActiveCfg = Debug|Any CPU
		{2DAABDE1-9D66-4C12-B168-A578E292F3E5}.Debug|iPhone.Build.0 = Debug|Any CPU
		{2DAABDE1-9D66-4C12-B168-A578E292F3E5}.Debug|iPhone.Deploy.0 = Debug|Any CPU
		{2DAABDE1-9D66-4C12-B168-A578E292F3E5}.Debug|iPhoneSimulator.ActiveCfg = Debug|Any CPU
		{2DAABDE1-9D66-4C12-B168-A578E292F3E5}.Debug|iPhoneSimulator.Build.0 = Debug|Any CPU
		{2DAABDE1-9D66-4C12-B168-A578E292F3E5}.Debug|iPhoneSimulator.Deploy.0 = Debug|Any CPU
		{2DAABDE1-9D66-4C12-B168-A578E292F3E5}.Debug|x64.ActiveCfg = Debug|x64
		{2DAABDE1-9D66-4C12-B168-A578E292F3E5}.Debug|x64.Build.0 = Debug|x64
		{2DAABDE1-9D66-4C12-B168-A578E292F3E5}.Debug|x64.Deploy.0 = Debug|x64
		{2DAABDE1-9D66-4C12-B168-A578E292F3E5}.Debug|x86.ActiveCfg = Debug|x86
		{2DAABDE1-9D66-4C12-B168-A578E292F3E5}.Debug|x86.Build.0 = Debug|x86
		{2DAABDE1-9D66-4C12-B168-A578E292F3E5}.Debug|x86.Deploy.0 = Debug|x86
		{2DAABDE1-9D66-4C12-B168-A578E292F3E5}.Release|Any CPU.ActiveCfg = Release|Any CPU
		{2DAABDE1-9D66-4C12-B168-A578E292F3E5}.Release|Any CPU.Build.0 = Release|Any CPU
		{2DAABDE1-9D66-4C12-B168-A578E292F3E5}.Release|Any CPU.Deploy.0 = Release|Any CPU
		{2DAABDE1-9D66-4C12-B168-A578E292F3E5}.Release|ARM.ActiveCfg = Release|ARM
		{2DAABDE1-9D66-4C12-B168-A578E292F3E5}.Release|ARM.Build.0 = Release|ARM
		{2DAABDE1-9D66-4C12-B168-A578E292F3E5}.Release|ARM.Deploy.0 = Release|ARM
		{2DAABDE1-9D66-4C12-B168-A578E292F3E5}.Release|iPhone.ActiveCfg = Release|Any CPU
		{2DAABDE1-9D66-4C12-B168-A578E292F3E5}.Release|iPhone.Build.0 = Release|Any CPU
		{2DAABDE1-9D66-4C12-B168-A578E292F3E5}.Release|iPhone.Deploy.0 = Release|Any CPU
		{2DAABDE1-9D66-4C12-B168-A578E292F3E5}.Release|iPhoneSimulator.ActiveCfg = Release|Any CPU
		{2DAABDE1-9D66-4C12-B168-A578E292F3E5}.Release|iPhoneSimulator.Build.0 = Release|Any CPU
		{2DAABDE1-9D66-4C12-B168-A578E292F3E5}.Release|iPhoneSimulator.Deploy.0 = Release|Any CPU
		{2DAABDE1-9D66-4C12-B168-A578E292F3E5}.Release|x64.ActiveCfg = Release|x64
		{2DAABDE1-9D66-4C12-B168-A578E292F3E5}.Release|x64.Build.0 = Release|x64
		{2DAABDE1-9D66-4C12-B168-A578E292F3E5}.Release|x64.Deploy.0 = Release|x64
		{2DAABDE1-9D66-4C12-B168-A578E292F3E5}.Release|x86.ActiveCfg = Release|x86
		{2DAABDE1-9D66-4C12-B168-A578E292F3E5}.Release|x86.Build.0 = Release|x86
		{2DAABDE1-9D66-4C12-B168-A578E292F3E5}.Release|x86.Deploy.0 = Release|x86
	EndGlobalSection
	GlobalSection(SolutionProperties) = preSolution
		HideSolutionNode = FALSE
	EndGlobalSection
EndGlobal
